
Microsoft Visual Studio Solution File, Format Version 12.00
# Visual Studio Version 17
VisualStudioVersion = 17.4.33110.190
MinimumVisualStudioVersion = 10.0.40219.1
Project("{FAE04EC0-301F-11D3-BF4B-00C04F79EFBC}") = "AjaxRequest", "AjaxRequest\AjaxRequest.csproj", "{CC9A72CE-1D65-4CA5-A9FB-853A225E6AD5}"
EndProject
Global
	GlobalSection(SolutionConfigurationPlatforms) = preSolution
		Debug|Any CPU = Debug|Any CPU
		Release|Any CPU = Release|Any CPU
	EndGlobalSection
	GlobalSection(ProjectConfigurationPlatforms) = postSolution
		{CC9A72CE-1D65-4CA5-A9FB-853A225E6AD5}.Debug|Any CPU.ActiveCfg = Debug|Any CPU
		{CC9A72CE-1D65-4CA5-A9FB-853A225E6AD5}.Debug|Any CPU.Build.0 = Debug|Any CPU
		{CC9A72CE-1D65-4CA5-A9FB-853A225E6AD5}.Release|Any CPU.ActiveCfg = Release|Any CPU
		{CC9A72CE-1D65-4CA5-A9FB-853A225E6AD5}.Release|Any CPU.Build.0 = Release|Any CPU
	EndGlobalSection
	GlobalSection(SolutionProperties) = preSolution
		HideSolutionNode = FALSE
	EndGlobalSection
	GlobalSection(ExtensibilityGlobals) = postSolution
		SolutionGuid = {98C7E44E-6BEA-405F-AF91-7244600C2D97}
	EndGlobalSection
EndGlobal
